
Microsoft Visual Studio Solution File, Format Version 12.00
# Visual Studio Version 17
VisualStudioVersion = 17.3.32825.248
MinimumVisualStudioVersion = 10.0.40219.1
Project("{FAE04EC0-301F-11D3-BF4B-00C04F79EFBC}") = "Practise Task №10 (Informatin System)", "Practise Task №10 (Informatin System)\Practise Task №10 (Informatin System).csproj", "{1B270DBD-A6D2-4290-9AF2-25FB635AB7FB}"
EndProject
Global
	GlobalSection(SolutionConfigurationPlatforms) = preSolution
		Debug|Any CPU = Debug|Any CPU
		Release|Any CPU = Release|Any CPU
	EndGlobalSection
	GlobalSection(ProjectConfigurationPlatforms) = postSolution
		{1B270DBD-A6D2-4290-9AF2-25FB635AB7FB}.Debug|Any CPU.ActiveCfg = Debug|Any CPU
		{1B270DBD-A6D2-4290-9AF2-25FB635AB7FB}.Debug|Any CPU.Build.0 = Debug|Any CPU
		{1B270DBD-A6D2-4290-9AF2-25FB635AB7FB}.Release|Any CPU.ActiveCfg = Release|Any CPU
		{1B270DBD-A6D2-4290-9AF2-25FB635AB7FB}.Release|Any CPU.Build.0 = Release|Any CPU
	EndGlobalSection
	GlobalSection(SolutionProperties) = preSolution
		HideSolutionNode = FALSE
	EndGlobalSection
	GlobalSection(ExtensibilityGlobals) = postSolution
		SolutionGuid = {F5FF845A-D736-4C52-A9D0-344EE50274E2}
	EndGlobalSection
EndGlobal
