
Microsoft Visual Studio Solution File, Format Version 12.00
# Visual Studio Version 17
VisualStudioVersion = 17.7.34031.279
MinimumVisualStudioVersion = 10.0.40219.1
Project("{FAE04EC0-301F-11D3-BF4B-00C04F79EFBC}") = "provod", "provod\provod.csproj", "{FB3287A7-2652-4CE0-A22D-D6EFC89A3153}"
EndProject
Global
	GlobalSection(SolutionConfigurationPlatforms) = preSolution
		Debug|Any CPU = Debug|Any CPU
		Release|Any CPU = Release|Any CPU
	EndGlobalSection
	GlobalSection(ProjectConfigurationPlatforms) = postSolution
		{FB3287A7-2652-4CE0-A22D-D6EFC89A3153}.Debug|Any CPU.ActiveCfg = Debug|Any CPU
		{FB3287A7-2652-4CE0-A22D-D6EFC89A3153}.Debug|Any CPU.Build.0 = Debug|Any CPU
		{FB3287A7-2652-4CE0-A22D-D6EFC89A3153}.Release|Any CPU.ActiveCfg = Release|Any CPU
		{FB3287A7-2652-4CE0-A22D-D6EFC89A3153}.Release|Any CPU.Build.0 = Release|Any CPU
	EndGlobalSection
	GlobalSection(SolutionProperties) = preSolution
		HideSolutionNode = FALSE
	EndGlobalSection
	GlobalSection(ExtensibilityGlobals) = postSolution
		SolutionGuid = {227EBC61-E576-44F2-9788-24028875925D}
	EndGlobalSection
EndGlobal
